
Microsoft Visual Studio Solution File, Format Version 12.00
# Visual Studio Version 17
VisualStudioVersion = 17.5.33627.172
MinimumVisualStudioVersion = 10.0.40219.1
Project("{FAE04EC0-301F-11D3-BF4B-00C04F79EFBC}") = "GCDemo", "GCDemo\GCDemo.csproj", "{2DBC1ED0-BF7A-420F-B2F0-07B06F160021}"
EndProject
Global
	GlobalSection(SolutionConfigurationPlatforms) = preSolution
		Debug|Any CPU = Debug|Any CPU
		Release|Any CPU = Release|Any CPU
	EndGlobalSection
	GlobalSection(ProjectConfigurationPlatforms) = postSolution
		{2DBC1ED0-BF7A-420F-B2F0-07B06F160021}.Debug|Any CPU.ActiveCfg = Debug|Any CPU
		{2DBC1ED0-BF7A-420F-B2F0-07B06F160021}.Debug|Any CPU.Build.0 = Debug|Any CPU
		{2DBC1ED0-BF7A-420F-B2F0-07B06F160021}.Release|Any CPU.ActiveCfg = Release|Any CPU
		{2DBC1ED0-BF7A-420F-B2F0-07B06F160021}.Release|Any CPU.Build.0 = Release|Any CPU
	EndGlobalSection
	GlobalSection(SolutionProperties) = preSolution
		HideSolutionNode = FALSE
	EndGlobalSection
	GlobalSection(ExtensibilityGlobals) = postSolution
		SolutionGuid = {35EF75B3-AAC8-435D-B18C-40EF95C14C57}
	EndGlobalSection
EndGlobal
